// !$*UTF8*$!
{
	archiveVersion = 1;
	classes = {
	};
	objectVersion = 56;
	objects = {

/* Begin PBXBuildFile section */
		334D7B362979592200DA32D3 /* sound-tap.mp3 in Resources */ = {isa = PBXBuildFile; fileRef = 334D7B332979592100DA32D3 /* sound-tap.mp3 */; };
		334D7B372979592200DA32D3 /* sound-ding.mp3 in Resources */ = {isa = PBXBuildFile; fileRef = 334D7B342979592100DA32D3 /* sound-ding.mp3 */; };
		334D7B382979592200DA32D3 /* sound-rise.mp3 in Resources */ = {isa = PBXBuildFile; fileRef = 334D7B352979592200DA32D3 /* sound-rise.mp3 */; };
		3356E5AD297A718A0024866D /* Constant.swift in Sources */ = {isa = PBXBuildFile; fileRef = 3356E5AC297A718A0024866D /* Constant.swift */; };
		33B1E9BF297D21D40093F8DE /* HideKeyboardExtension.swift in Sources */ = {isa = PBXBuildFile; fileRef = 33B1E9BE297D21D40093F8DE /* HideKeyboardExtension.swift */; };
		33B1E9C4297DCA4B0093F8DE /* ViewColorExtension.swift in Sources */ = {isa = PBXBuildFile; fileRef = 33B1E9C3297DCA4B0093F8DE /* ViewColorExtension.swift */; };
		33B1E9C7297DD3110093F8DE /* Introspect in Frameworks */ = {isa = PBXBuildFile; productRef = 33B1E9C6297DD3110093F8DE /* Introspect */; };
		33B1E9C9297DEA260093F8DE /* BackgroundImageView.swift in Sources */ = {isa = PBXBuildFile; fileRef = 33B1E9C8297DEA260093F8DE /* BackgroundImageView.swift */; };
		33D184402977E72600B9C9A8 /* ToDoListApp.swift in Sources */ = {isa = PBXBuildFile; fileRef = 33D1843F2977E72600B9C9A8 /* ToDoListApp.swift */; };
		33D184422977E72600B9C9A8 /* ContentView.swift in Sources */ = {isa = PBXBuildFile; fileRef = 33D184412977E72600B9C9A8 /* ContentView.swift */; };
		33D184442977E72800B9C9A8 /* Assets.xcassets in Resources */ = {isa = PBXBuildFile; fileRef = 33D184432977E72800B9C9A8 /* Assets.xcassets */; };
		33D184472977E72800B9C9A8 /* Preview Assets.xcassets in Resources */ = {isa = PBXBuildFile; fileRef = 33D184462977E72800B9C9A8 /* Preview Assets.xcassets */; };
		33D184492977E72800B9C9A8 /* Persistence.swift in Sources */ = {isa = PBXBuildFile; fileRef = 33D184482977E72800B9C9A8 /* Persistence.swift */; };
		33D1844C2977E72800B9C9A8 /* ToDoList.xcdatamodeld in Sources */ = {isa = PBXBuildFile; fileRef = 33D1844A2977E72800B9C9A8 /* ToDoList.xcdatamodeld */; };
		33D184562977E72800B9C9A8 /* ToDoListTests.swift in Sources */ = {isa = PBXBuildFile; fileRef = 33D184552977E72800B9C9A8 /* ToDoListTests.swift */; };
		33D184602977E72800B9C9A8 /* ToDoListUITests.swift in Sources */ = {isa = PBXBuildFile; fileRef = 33D1845F2977E72800B9C9A8 /* ToDoListUITests.swift */; };
		33D184622977E72800B9C9A8 /* ToDoListUITestsLaunchTests.swift in Sources */ = {isa = PBXBuildFile; fileRef = 33D184612977E72800B9C9A8 /* ToDoListUITestsLaunchTests.swift */; };
/* End PBXBuildFile section */

/* Begin PBXContainerItemProxy section */
		33D184522977E72800B9C9A8 /* PBXContainerItemProxy */ = {
			isa = PBXContainerItemProxy;
			containerPortal = 33D184342977E72600B9C9A8 /* Project object */;
			proxyType = 1;
			remoteGlobalIDString = 33D1843B2977E72600B9C9A8;
			remoteInfo = ToDoList;
		};
		33D1845C2977E72800B9C9A8 /* PBXContainerItemProxy */ = {
			isa = PBXContainerItemProxy;
			containerPortal = 33D184342977E72600B9C9A8 /* Project object */;
			proxyType = 1;
			remoteGlobalIDString = 33D1843B2977E72600B9C9A8;
			remoteInfo = ToDoList;
		};
/* End PBXContainerItemProxy section */

/* Begin PBXFileReference section */
		334D7B332979592100DA32D3 /* sound-tap.mp3 */ = {isa = PBXFileReference; lastKnownFileType = audio.mp3; path = "sound-tap.mp3"; sourceTree = "<group>"; };
		334D7B342979592100DA32D3 /* sound-ding.mp3 */ = {isa = PBXFileReference; lastKnownFileType = audio.mp3; path = "sound-ding.mp3"; sourceTree = "<group>"; };
		334D7B352979592200DA32D3 /* sound-rise.mp3 */ = {isa = PBXFileReference; lastKnownFileType = audio.mp3; path = "sound-rise.mp3"; sourceTree = "<group>"; };
		334D7B3F29795BD000DA32D3 /* Info.plist */ = {isa = PBXFileReference; lastKnownFileType = text.plist; path = Info.plist; sourceTree = "<group>"; };
		3356E5AC297A718A0024866D /* Constant.swift */ = {isa = PBXFileReference; lastKnownFileType = sourcecode.swift; path = Constant.swift; sourceTree = "<group>"; };
		33B1E9BE297D21D40093F8DE /* HideKeyboardExtension.swift */ = {isa = PBXFileReference; lastKnownFileType = sourcecode.swift; path = HideKeyboardExtension.swift; sourceTree = "<group>"; };
		33B1E9C3297DCA4B0093F8DE /* ViewColorExtension.swift */ = {isa = PBXFileReference; lastKnownFileType = sourcecode.swift; path = ViewColorExtension.swift; sourceTree = "<group>"; };
		33B1E9C8297DEA260093F8DE /* BackgroundImageView.swift */ = {isa = PBXFileReference; lastKnownFileType = sourcecode.swift; path = BackgroundImageView.swift; sourceTree = "<group>"; };
		33D1843C2977E72600B9C9A8 /* ToDoList.app */ = {isa = PBXFileReference; explicitFileType = wrapper.application; includeInIndex = 0; path = ToDoList.app; sourceTree = BUILT_PRODUCTS_DIR; };
		33D1843F2977E72600B9C9A8 /* ToDoListApp.swift */ = {isa = PBXFileReference; lastKnownFileType = sourcecode.swift; path = ToDoListApp.swift; sourceTree = "<group>"; };
		33D184412977E72600B9C9A8 /* ContentView.swift */ = {isa = PBXFileReference; lastKnownFileType = sourcecode.swift; path = ContentView.swift; sourceTree = "<group>"; };
		33D184432977E72800B9C9A8 /* Assets.xcassets */ = {isa = PBXFileReference; lastKnownFileType = folder.assetcatalog; path = Assets.xcassets; sourceTree = "<group>"; };
		33D184462977E72800B9C9A8 /* Preview Assets.xcassets */ = {isa = PBXFileReference; lastKnownFileType = folder.assetcatalog; path = "Preview Assets.xcassets"; sourceTree = "<group>"; };
		33D184482977E72800B9C9A8 /* Persistence.swift */ = {isa = PBXFileReference; lastKnownFileType = sourcecode.swift; path = Persistence.swift; sourceTree = "<group>"; };
		33D1844B2977E72800B9C9A8 /* ToDoList.xcdatamodel */ = {isa = PBXFileReference; lastKnownFileType = wrapper.xcdatamodel; path = ToDoList.xcdatamodel; sourceTree = "<group>"; };
		33D184512977E72800B9C9A8 /* ToDoListTests.xctest */ = {isa = PBXFileReference; explicitFileType = wrapper.cfbundle; includeInIndex = 0; path = ToDoListTests.xctest; sourceTree = BUILT_PRODUCTS_DIR; };
		33D184552977E72800B9C9A8 /* ToDoListTests.swift */ = {isa = PBXFileReference; lastKnownFileType = sourcecode.swift; path = ToDoListTests.swift; sourceTree = "<group>"; };
		33D1845B2977E72800B9C9A8 /* ToDoListUITests.xctest */ = {isa = PBXFileReference; explicitFileType = wrapper.cfbundle; includeInIndex = 0; path = ToDoListUITests.xctest; sourceTree = BUILT_PRODUCTS_DIR; };
		33D1845F2977E72800B9C9A8 /* ToDoListUITests.swift */ = {isa = PBXFileReference; lastKnownFileType = sourcecode.swift; path = ToDoListUITests.swift; sourceTree = "<group>"; };
		33D184612977E72800B9C9A8 /* ToDoListUITestsLaunchTests.swift */ = {isa = PBXFileReference; lastKnownFileType = sourcecode.swift; path = ToDoListUITestsLaunchTests.swift; sourceTree = "<group>"; };
/* End PBXFileReference section */

/* Begin PBXFrameworksBuildPhase section */
		33D184392977E72600B9C9A8 /* Frameworks */ = {
			isa = PBXFrameworksBuildPhase;
			buildActionMask = 2147483647;
			files = (
				33B1E9C7297DD3110093F8DE /* Introspect in Frameworks */,
			);
			runOnlyForDeploymentPostprocessing = 0;
		};
		33D1844E2977E72800B9C9A8 /* Frameworks */ = {
			isa = PBXFrameworksBuildPhase;
			buildActionMask = 2147483647;
			files = (
			);
			runOnlyForDeploymentPostprocessing = 0;
		};
		33D184582977E72800B9C9A8 /* Frameworks */ = {
			isa = PBXFrameworksBuildPhase;
			buildActionMask = 2147483647;
			files = (
			);
			runOnlyForDeploymentPostprocessing = 0;
		};
/* End PBXFrameworksBuildPhase section */

/* Begin PBXGroup section */
		334D7B392979595000DA32D3 /* Sound */ = {
			isa = PBXGroup;
			children = (
				334D7B342979592100DA32D3 /* sound-ding.mp3 */,
				334D7B352979592200DA32D3 /* sound-rise.mp3 */,
				334D7B332979592100DA32D3 /* sound-tap.mp3 */,
			);
			path = Sound;
			sourceTree = "<group>";
		};
		334D7B3A2979597300DA32D3 /* View */ = {
			isa = PBXGroup;
			children = (
				33D184412977E72600B9C9A8 /* ContentView.swift */,
				33B1E9C8297DEA260093F8DE /* BackgroundImageView.swift */,
			);
			path = View;
			sourceTree = "<group>";
		};
		334D7B3B2979599C00DA32D3 /* Extension */ = {
			isa = PBXGroup;
			children = (
				33B1E9BE297D21D40093F8DE /* HideKeyboardExtension.swift */,
				33B1E9C3297DCA4B0093F8DE /* ViewColorExtension.swift */,
			);
			path = Extension;
			sourceTree = "<group>";
		};
		334D7B3C297959CB00DA32D3 /* Utility */ = {
			isa = PBXGroup;
			children = (
				3356E5AC297A718A0024866D /* Constant.swift */,
			);
			path = Utility;
			sourceTree = "<group>";
		};
		334D7B3D29795A0300DA32D3 /* Style */ = {
			isa = PBXGroup;
			children = (
			);
			path = Style;
			sourceTree = "<group>";
		};
		334D7B3E29795A5200DA32D3 /* Model */ = {
			isa = PBXGroup;
			children = (
				33D184482977E72800B9C9A8 /* Persistence.swift */,
				33D1844A2977E72800B9C9A8 /* ToDoList.xcdatamodeld */,
			);
			path = Model;
			sourceTree = "<group>";
		};
		33D184332977E72600B9C9A8 = {
			isa = PBXGroup;
			children = (
				33D1843E2977E72600B9C9A8 /* ToDoList */,
				33D184542977E72800B9C9A8 /* ToDoListTests */,
				33D1845E2977E72800B9C9A8 /* ToDoListUITests */,
				33D1843D2977E72600B9C9A8 /* Products */,
			);
			sourceTree = "<group>";
		};
		33D1843D2977E72600B9C9A8 /* Products */ = {
			isa = PBXGroup;
			children = (
				33D1843C2977E72600B9C9A8 /* ToDoList.app */,
				33D184512977E72800B9C9A8 /* ToDoListTests.xctest */,
				33D1845B2977E72800B9C9A8 /* ToDoListUITests.xctest */,
			);
			name = Products;
			sourceTree = "<group>";
		};
		33D1843E2977E72600B9C9A8 /* ToDoList */ = {
			isa = PBXGroup;
			children = (
				33D1843F2977E72600B9C9A8 /* ToDoListApp.swift */,
				334D7B3A2979597300DA32D3 /* View */,
				334D7B3E29795A5200DA32D3 /* Model */,
				334D7B3D29795A0300DA32D3 /* Style */,
				334D7B3C297959CB00DA32D3 /* Utility */,
				334D7B3B2979599C00DA32D3 /* Extension */,
				334D7B392979595000DA32D3 /* Sound */,
				33D184432977E72800B9C9A8 /* Assets.xcassets */,
				334D7B3F29795BD000DA32D3 /* Info.plist */,
				33D184452977E72800B9C9A8 /* Preview Content */,
			);
			path = ToDoList;
			sourceTree = "<group>";
		};
		33D184452977E72800B9C9A8 /* Preview Content */ = {
			isa = PBXGroup;
			children = (
				33D184462977E72800B9C9A8 /* Preview Assets.xcassets */,
			);
			path = "Preview Content";
			sourceTree = "<group>";
		};
		33D184542977E72800B9C9A8 /* ToDoListTests */ = {
			isa = PBXGroup;
			children = (
				33D184552977E72800B9C9A8 /* ToDoListTests.swift */,
			);
			path = ToDoListTests;
			sourceTree = "<group>";
		};
		33D1845E2977E72800B9C9A8 /* ToDoListUITests */ = {
			isa = PBXGroup;
			children = (
				33D1845F2977E72800B9C9A8 /* ToDoListUITests.swift */,
				33D184612977E72800B9C9A8 /* ToDoListUITestsLaunchTests.swift */,
			);
			path = ToDoListUITests;
			sourceTree = "<group>";
		};
/* End PBXGroup section */

/* Begin PBXNativeTarget section */
		33D1843B2977E72600B9C9A8 /* ToDoList */ = {
			isa = PBXNativeTarget;
			buildConfigurationList = 33D184652977E72800B9C9A8 /* Build configuration list for PBXNativeTarget "ToDoList" */;
			buildPhases = (
				33D184382977E72600B9C9A8 /* Sources */,
				33D184392977E72600B9C9A8 /* Frameworks */,
				33D1843A2977E72600B9C9A8 /* Resources */,
			);
			buildRules = (
			);
			dependencies = (
			);
			name = ToDoList;
			packageProductDependencies = (
				33B1E9C6297DD3110093F8DE /* Introspect */,
			);
			productName = ToDoList;
			productReference = 33D1843C2977E72600B9C9A8 /* ToDoList.app */;
			productType = "com.apple.product-type.application";
		};
		33D184502977E72800B9C9A8 /* ToDoListTests */ = {
			isa = PBXNativeTarget;
			buildConfigurationList = 33D184682977E72800B9C9A8 /* Build configuration list for PBXNativeTarget "ToDoListTests" */;
			buildPhases = (
				33D1844D2977E72800B9C9A8 /* Sources */,
				33D1844E2977E72800B9C9A8 /* Frameworks */,
				33D1844F2977E72800B9C9A8 /* Resources */,
			);
			buildRules = (
			);
			dependencies = (
				33D184532977E72800B9C9A8 /* PBXTargetDependency */,
			);
			name = ToDoListTests;
			productName = ToDoListTests;
			productReference = 33D184512977E72800B9C9A8 /* ToDoListTests.xctest */;
			productType = "com.apple.product-type.bundle.unit-test";
		};
		33D1845A2977E72800B9C9A8 /* ToDoListUITests */ = {
			isa = PBXNativeTarget;
			buildConfigurationList = 33D1846B2977E72800B9C9A8 /* Build configuration list for PBXNativeTarget "ToDoListUITests" */;
			buildPhases = (
				33D184572977E72800B9C9A8 /* Sources */,
				33D184582977E72800B9C9A8 /* Frameworks */,
				33D184592977E72800B9C9A8 /* Resources */,
			);
			buildRules = (
			);
			dependencies = (
				33D1845D2977E72800B9C9A8 /* PBXTargetDependency */,
			);
			name = ToDoListUITests;
			productName = ToDoListUITests;
			productReference = 33D1845B2977E72800B9C9A8 /* ToDoListUITests.xctest */;
			productType = "com.apple.product-type.bundle.ui-testing";
		};
/* End PBXNativeTarget section */

/* Begin PBXProject section */
		33D184342977E72600B9C9A8 /* Project object */ = {
			isa = PBXProject;
			attributes = {
				BuildIndependentTargetsInParallel = 1;
				LastSwiftUpdateCheck = 1420;
				LastUpgradeCheck = 1420;
				TargetAttributes = {
					33D1843B2977E72600B9C9A8 = {
						CreatedOnToolsVersion = 14.2;
					};
					33D184502977E72800B9C9A8 = {
						CreatedOnToolsVersion = 14.2;
						TestTargetID = 33D1843B2977E72600B9C9A8;
					};
					33D1845A2977E72800B9C9A8 = {
						CreatedOnToolsVersion = 14.2;
						TestTargetID = 33D1843B2977E72600B9C9A8;
					};
				};
			};
			buildConfigurationList = 33D184372977E72600B9C9A8 /* Build configuration list for PBXProject "ToDoList" */;
			compatibilityVersion = "Xcode 14.0";
			developmentRegion = en;
			hasScannedForEncodings = 0;
			knownRegions = (
				en,
				Base,
			);
			mainGroup = 33D184332977E72600B9C9A8;
			packageReferences = (
				33B1E9C5297DD3110093F8DE /* XCRemoteSwiftPackageReference "SwiftUI-Introspect" */,
			);
			productRefGroup = 33D1843D2977E72600B9C9A8 /* Products */;
			projectDirPath = "";
			projectRoot = "";
			targets = (
				33D1843B2977E72600B9C9A8 /* ToDoList */,
				33D184502977E72800B9C9A8 /* ToDoListTests */,
				33D1845A2977E72800B9C9A8 /* ToDoListUITests */,
			);
		};
/* End PBXProject section */

/* Begin PBXResourcesBuildPhase section */
		33D1843A2977E72600B9C9A8 /* Resources */ = {
			isa = PBXResourcesBuildPhase;
			buildActionMask = 2147483647;
			files = (
				334D7B382979592200DA32D3 /* sound-rise.mp3 in Resources */,
				334D7B372979592200DA32D3 /* sound-ding.mp3 in Resources */,
				334D7B362979592200DA32D3 /* sound-tap.mp3 in Resources */,
				33D184472977E72800B9C9A8 /* Preview Assets.xcassets in Resources */,
				33D184442977E72800B9C9A8 /* Assets.xcassets in Resources */,
			);
			runOnlyForDeploymentPostprocessing = 0;
		};
		33D1844F2977E72800B9C9A8 /* Resources */ = {
			isa = PBXResourcesBuildPhase;
			buildActionMask = 2147483647;
			files = (
			);
			runOnlyForDeploymentPostprocessing = 0;
		};
		33D184592977E72800B9C9A8 /* Resources */ = {
			isa = PBXResourcesBuildPhase;
			buildActionMask = 2147483647;
			files = (
			);
			runOnlyForDeploymentPostprocessing = 0;
		};
/* End PBXResourcesBuildPhase section */

/* Begin PBXSourcesBuildPhase section */
		33D184382977E72600B9C9A8 /* Sources */ = {
			isa = PBXSourcesBuildPhase;
			buildActionMask = 2147483647;
			files = (
				33D184492977E72800B9C9A8 /* Persistence.swift in Sources */,
				33D184422977E72600B9C9A8 /* ContentView.swift in Sources */,
				33B1E9C9297DEA260093F8DE /* BackgroundImageView.swift in Sources */,
				33B1E9C4297DCA4B0093F8DE /* ViewColorExtension.swift in Sources */,
				33B1E9BF297D21D40093F8DE /* HideKeyboardExtension.swift in Sources */,
				3356E5AD297A718A0024866D /* Constant.swift in Sources */,
				33D184402977E72600B9C9A8 /* ToDoListApp.swift in Sources */,
				33D1844C2977E72800B9C9A8 /* ToDoList.xcdatamodeld in Sources */,
			);
			runOnlyForDeploymentPostprocessing = 0;
		};
		33D1844D2977E72800B9C9A8 /* Sources */ = {
			isa = PBXSourcesBuildPhase;
			buildActionMask = 2147483647;
			files = (
				33D184562977E72800B9C9A8 /* ToDoListTests.swift in Sources */,
			);
			runOnlyForDeploymentPostprocessing = 0;
		};
		33D184572977E72800B9C9A8 /* Sources */ = {
			isa = PBXSourcesBuildPhase;
			buildActionMask = 2147483647;
			files = (
				33D184622977E72800B9C9A8 /* ToDoListUITestsLaunchTests.swift in Sources */,
				33D184602977E72800B9C9A8 /* ToDoListUITests.swift in Sources */,
			);
			runOnlyForDeploymentPostprocessing = 0;
		};
/* End PBXSourcesBuildPhase section */

/* Begin PBXTargetDependency section */
		33D184532977E72800B9C9A8 /* PBXTargetDependency */ = {
			isa = PBXTargetDependency;
			target = 33D1843B2977E72600B9C9A8 /* ToDoList */;
			targetProxy = 33D184522977E72800B9C9A8 /* PBXContainerItemProxy */;
		};
		33D1845D2977E72800B9C9A8 /* PBXTargetDependency */ = {
			isa = PBXTargetDependency;
			target = 33D1843B2977E72600B9C9A8 /* ToDoList */;
			targetProxy = 33D1845C2977E72800B9C9A8 /* PBXContainerItemProxy */;
		};
/* End PBXTargetDependency section */

/* Begin XCBuildConfiguration section */
		33D184632977E72800B9C9A8 /* Debug */ = {
			isa = XCBuildConfiguration;
			buildSettings = {
				ALWAYS_SEARCH_USER_PATHS = NO;
				CLANG_ANALYZER_NONNULL = YES;
				CLANG_ANALYZER_NUMBER_OBJECT_CONVERSION = YES_AGGRESSIVE;
				CLANG_CXX_LANGUAGE_STANDARD = "gnu++20";
				CLANG_ENABLE_MODULES = YES;
				CLANG_ENABLE_OBJC_ARC = YES;
				CLANG_ENABLE_OBJC_WEAK = YES;
				CLANG_WARN_BLOCK_CAPTURE_AUTORELEASING = YES;
				CLANG_WARN_BOOL_CONVERSION = YES;
				CLANG_WARN_COMMA = YES;
				CLANG_WARN_CONSTANT_CONVERSION = YES;
				CLANG_WARN_DEPRECATED_OBJC_IMPLEMENTATIONS = YES;
				CLANG_WARN_DIRECT_OBJC_ISA_USAGE = YES_ERROR;
				CLANG_WARN_DOCUMENTATION_COMMENTS = YES;
				CLANG_WARN_EMPTY_BODY = YES;
				CLANG_WARN_ENUM_CONVERSION = YES;
				CLANG_WARN_INFINITE_RECURSION = YES;
				CLANG_WARN_INT_CONVERSION = YES;
				CLANG_WARN_NON_LITERAL_NULL_CONVERSION = YES;
				CLANG_WARN_OBJC_IMPLICIT_RETAIN_SELF = YES;
				CLANG_WARN_OBJC_LITERAL_CONVERSION = YES;
				CLANG_WARN_OBJC_ROOT_CLASS = YES_ERROR;
				CLANG_WARN_QUOTED_INCLUDE_IN_FRAMEWORK_HEADER = YES;
				CLANG_WARN_RANGE_LOOP_ANALYSIS = YES;
				CLANG_WARN_STRICT_PROTOTYPES = YES;
				CLANG_WARN_SUSPICIOUS_MOVE = YES;
				CLANG_WARN_UNGUARDED_AVAILABILITY = YES_AGGRESSIVE;
				CLANG_WARN_UNREACHABLE_CODE = YES;
				CLANG_WARN__DUPLICATE_METHOD_MATCH = YES;
				COPY_PHASE_STRIP = NO;
				DEBUG_INFORMATION_FORMAT = dwarf;
				ENABLE_STRICT_OBJC_MSGSEND = YES;
				ENABLE_TESTABILITY = YES;
				GCC_C_LANGUAGE_STANDARD = gnu11;
				GCC_DYNAMIC_NO_PIC = NO;
				GCC_NO_COMMON_BLOCKS = YES;
				GCC_OPTIMIZATION_LEVEL = 0;
				GCC_PREPROCESSOR_DEFINITIONS = (
					"DEBUG=1",
					"$(inherited)",
				);
				GCC_WARN_64_TO_32_BIT_CONVERSION = YES;
				GCC_WARN_ABOUT_RETURN_TYPE = YES_ERROR;
				GCC_WARN_UNDECLARED_SELECTOR = YES;
				GCC_WARN_UNINITIALIZED_AUTOS = YES_AGGRESSIVE;
				GCC_WARN_UNUSED_FUNCTION = YES;
				GCC_WARN_UNUSED_VARIABLE = YES;
				IPHONEOS_DEPLOYMENT_TARGET = 16.2;
				MTL_ENABLE_DEBUG_INFO = INCLUDE_SOURCE;
				MTL_FAST_MATH = YES;
				ONLY_ACTIVE_ARCH = YES;
				SDKROOT = iphoneos;
				SWIFT_ACTIVE_COMPILATION_CONDITIONS = DEBUG;
				SWIFT_OPTIMIZATION_LEVEL = "-Onone";
			};
			name = Debug;
		};
		33D184642977E72800B9C9A8 /* Release */ = {
			isa = XCBuildConfiguration;
			buildSettings = {
				ALWAYS_SEARCH_USER_PATHS = NO;
				CLANG_ANALYZER_NONNULL = YES;
				CLANG_ANALYZER_NUMBER_OBJECT_CONVERSION = YES_AGGRESSIVE;
				CLANG_CXX_LANGUAGE_STANDARD = "gnu++20";
				CLANG_ENABLE_MODULES = YES;
				CLANG_ENABLE_OBJC_ARC = YES;
				CLANG_ENABLE_OBJC_WEAK = YES;
				CLANG_WARN_BLOCK_CAPTURE_AUTORELEASING = YES;
				CLANG_WARN_BOOL_CONVERSION = YES;
				CLANG_WARN_COMMA = YES;
				CLANG_WARN_CONSTANT_CONVERSION = YES;
				CLANG_WARN_DEPRECATED_OBJC_IMPLEMENTATIONS = YES;
				CLANG_WARN_DIRECT_OBJC_ISA_USAGE = YES_ERROR;
				CLANG_WARN_DOCUMENTATION_COMMENTS = YES;
				CLANG_WARN_EMPTY_BODY = YES;
				CLANG_WARN_ENUM_CONVERSION = YES;
				CLANG_WARN_INFINITE_RECURSION = YES;
				CLANG_WARN_INT_CONVERSION = YES;
				CLANG_WARN_NON_LITERAL_NULL_CONVERSION = YES;
				CLANG_WARN_OBJC_IMPLICIT_RETAIN_SELF = YES;
				CLANG_WARN_OBJC_LITERAL_CONVERSION = YES;
				CLANG_WARN_OBJC_ROOT_CLASS = YES_ERROR;
				CLANG_WARN_QUOTED_INCLUDE_IN_FRAMEWORK_HEADER = YES;
				CLANG_WARN_RANGE_LOOP_ANALYSIS = YES;
				CLANG_WARN_STRICT_PROTOTYPES = YES;
				CLANG_WARN_SUSPICIOUS_MOVE = YES;
				CLANG_WARN_UNGUARDED_AVAILABILITY = YES_AGGRESSIVE;
				CLANG_WARN_UNREACHABLE_CODE = YES;
				CLANG_WARN__DUPLICATE_METHOD_MATCH = YES;
				COPY_PHASE_STRIP = NO;
				DEBUG_INFORMATION_FORMAT = "dwarf-with-dsym";
				ENABLE_NS_ASSERTIONS = NO;
				ENABLE_STRICT_OBJC_MSGSEND = YES;
				GCC_C_LANGUAGE_STANDARD = gnu11;
				GCC_NO_COMMON_BLOCKS = YES;
				GCC_WARN_64_TO_32_BIT_CONVERSION = YES;
				GCC_WARN_ABOUT_RETURN_TYPE = YES_ERROR;
				GCC_WARN_UNDECLARED_SELECTOR = YES;
				GCC_WARN_UNINITIALIZED_AUTOS = YES_AGGRESSIVE;
				GCC_WARN_UNUSED_FUNCTION = YES;
				GCC_WARN_UNUSED_VARIABLE = YES;
				IPHONEOS_DEPLOYMENT_TARGET = 16.2;
				MTL_ENABLE_DEBUG_INFO = NO;
				MTL_FAST_MATH = YES;
				SDKROOT = iphoneos;
				SWIFT_COMPILATION_MODE = wholemodule;
				SWIFT_OPTIMIZATION_LEVEL = "-O";
				VALIDATE_PRODUCT = YES;
			};
			name = Release;
		};
		33D184662977E72800B9C9A8 /* Debug */ = {
			isa = XCBuildConfiguration;
			buildSettings = {
				ASSETCATALOG_COMPILER_APPICON_NAME = AppIcon;
				ASSETCATALOG_COMPILER_GLOBAL_ACCENT_COLOR_NAME = AccentColor;
				CODE_SIGN_STYLE = Automatic;
				CURRENT_PROJECT_VERSION = 1;
				DEVELOPMENT_ASSET_PATHS = "\"ToDoList/Preview Content\"";
				DEVELOPMENT_TEAM = J4383386FU;
				ENABLE_PREVIEWS = YES;
				GENERATE_INFOPLIST_FILE = YES;
				INFOPLIST_FILE = ToDoList/Info.plist;
				INFOPLIST_KEY_CFBundleDisplayName = "Just Do It";
				INFOPLIST_KEY_UIApplicationSceneManifest_Generation = YES;
				INFOPLIST_KEY_UIApplicationSupportsIndirectInputEvents = YES;
				INFOPLIST_KEY_UISupportedInterfaceOrientations = UIInterfaceOrientationPortrait;
				IPHONEOS_DEPLOYMENT_TARGET = 14.0;
				LD_RUNPATH_SEARCH_PATHS = (
					"$(inherited)",
					"@executable_path/Frameworks",
				);
				MARKETING_VERSION = 1.0;
				PRODUCT_BUNDLE_IDENTIFIER = com.ikakooo.ToDoList;
				PRODUCT_NAME = "$(TARGET_NAME)";
				SWIFT_EMIT_LOC_STRINGS = YES;
				SWIFT_VERSION = 5.0;
				TARGETED_DEVICE_FAMILY = "1,2";
			};
			name = Debug;
		};
		33D184672977E72800B9C9A8 /* Release */ = {
			isa = XCBuildConfiguration;
			buildSettings = {
				ASSETCATALOG_COMPILER_APPICON_NAME = AppIcon;
				ASSETCATALOG_COMPILER_GLOBAL_ACCENT_COLOR_NAME = AccentColor;
				CODE_SIGN_STYLE = Automatic;
				CURRENT_PROJECT_VERSION = 1;
				DEVELOPMENT_ASSET_PATHS = "\"ToDoList/Preview Content\"";
				DEVELOPMENT_TEAM = J4383386FU;
				ENABLE_PREVIEWS = YES;
				GENERATE_INFOPLIST_FILE = YES;
				INFOPLIST_FILE = ToDoList/Info.plist;
				INFOPLIST_KEY_CFBundleDisplayName = "Just Do It";
				INFOPLIST_KEY_UIApplicationSceneManifest_Generation = YES;
				INFOPLIST_KEY_UIApplicationSupportsIndirectInputEvents = YES;
				INFOPLIST_KEY_UISupportedInterfaceOrientations = UIInterfaceOrientationPortrait;
				IPHONEOS_DEPLOYMENT_TARGET = 14.0;
				LD_RUNPATH_SEARCH_PATHS = (
					"$(inherited)",
					"@executable_path/Frameworks",
				);
				MARKETING_VERSION = 1.0;
				PRODUCT_BUNDLE_IDENTIFIER = com.ikakooo.ToDoList;
				PRODUCT_NAME = "$(TARGET_NAME)";
				SWIFT_EMIT_LOC_STRINGS = YES;
				SWIFT_VERSION = 5.0;
				TARGETED_DEVICE_FAMILY = "1,2";
			};
			name = Release;
		};
		33D184692977E72800B9C9A8 /* Debug */ = {
			isa = XCBuildConfiguration;
			buildSettings = {
				ALWAYS_EMBED_SWIFT_STANDARD_LIBRARIES = YES;
				BUNDLE_LOADER = "$(TEST_HOST)";
				CODE_SIGN_STYLE = Automatic;
				CURRENT_PROJECT_VERSION = 1;
				GENERATE_INFOPLIST_FILE = YES;
				IPHONEOS_DEPLOYMENT_TARGET = 16.2;
				MARKETING_VERSION = 1.0;
				PRODUCT_BUNDLE_IDENTIFIER = com.ikakooo.ToDoListTests;
				PRODUCT_NAME = "$(TARGET_NAME)";
				SWIFT_EMIT_LOC_STRINGS = NO;
				SWIFT_VERSION = 5.0;
				TARGETED_DEVICE_FAMILY = "1,2";
				TEST_HOST = "$(BUILT_PRODUCTS_DIR)/ToDoList.app/$(BUNDLE_EXECUTABLE_FOLDER_PATH)/ToDoList";
			};
			name = Debug;
		};
		33D1846A2977E72800B9C9A8 /* Release */ = {
			isa = XCBuildConfiguration;
			buildSettings = {
				ALWAYS_EMBED_SWIFT_STANDARD_LIBRARIES = YES;
				BUNDLE_LOADER = "$(TEST_HOST)";
				CODE_SIGN_STYLE = Automatic;
				CURRENT_PROJECT_VERSION = 1;
				GENERATE_INFOPLIST_FILE = YES;
				IPHONEOS_DEPLOYMENT_TARGET = 16.2;
				MARKETING_VERSION = 1.0;
				PRODUCT_BUNDLE_IDENTIFIER = com.ikakooo.ToDoListTests;
				PRODUCT_NAME = "$(TARGET_NAME)";
				SWIFT_EMIT_LOC_STRINGS = NO;
				SWIFT_VERSION = 5.0;
				TARGETED_DEVICE_FAMILY = "1,2";
				TEST_HOST = "$(BUILT_PRODUCTS_DIR)/ToDoList.app/$(BUNDLE_EXECUTABLE_FOLDER_PATH)/ToDoList";
			};
			name = Release;
		};
		33D1846C2977E72800B9C9A8 /* Debug */ = {
			isa = XCBuildConfiguration;
			buildSettings = {
				ALWAYS_EMBED_SWIFT_STANDARD_LIBRARIES = YES;
				CODE_SIGN_STYLE = Automatic;
				CURRENT_PROJECT_VERSION = 1;
				GENERATE_INFOPLIST_FILE = YES;
				MARKETING_VERSION = 1.0;
				PRODUCT_BUNDLE_IDENTIFIER = com.ikakooo.ToDoListUITests;
				PRODUCT_NAME = "$(TARGET_NAME)";
				SWIFT_EMIT_LOC_STRINGS = NO;
				SWIFT_VERSION = 5.0;
				TARGETED_DEVICE_FAMILY = "1,2";
				TEST_TARGET_NAME = ToDoList;
			};
			name = Debug;
		};
		33D1846D2977E72800B9C9A8 /* Release */ = {
			isa = XCBuildConfiguration;
			buildSettings = {
				ALWAYS_EMBED_SWIFT_STANDARD_LIBRARIES = YES;
				CODE_SIGN_STYLE = Automatic;
				CURRENT_PROJECT_VERSION = 1;
				GENERATE_INFOPLIST_FILE = YES;
				MARKETING_VERSION = 1.0;
				PRODUCT_BUNDLE_IDENTIFIER = com.ikakooo.ToDoListUITests;
				PRODUCT_NAME = "$(TARGET_NAME)";
				SWIFT_EMIT_LOC_STRINGS = NO;
				SWIFT_VERSION = 5.0;
				TARGETED_DEVICE_FAMILY = "1,2";
				TEST_TARGET_NAME = ToDoList;
			};
			name = Release;
		};
/* End XCBuildConfiguration section */

/* Begin XCConfigurationList section */
		33D184372977E72600B9C9A8 /* Build configuration list for PBXProject "ToDoList" */ = {
			isa = XCConfigurationList;
			buildConfigurations = (
				33D184632977E72800B9C9A8 /* Debug */,
				33D184642977E72800B9C9A8 /* Release */,
			);
			defaultConfigurationIsVisible = 0;
			defaultConfigurationName = Release;
		};
		33D184652977E72800B9C9A8 /* Build configuration list for PBXNativeTarget "ToDoList" */ = {
			isa = XCConfigurationList;
			buildConfigurations = (
				33D184662977E72800B9C9A8 /* Debug */,
				33D184672977E72800B9C9A8 /* Release */,
			);
			defaultConfigurationIsVisible = 0;
			defaultConfigurationName = Release;
		};
		33D184682977E72800B9C9A8 /* Build configuration list for PBXNativeTarget "ToDoListTests" */ = {
			isa = XCConfigurationList;
			buildConfigurations = (
				33D184692977E72800B9C9A8 /* Debug */,
				33D1846A2977E72800B9C9A8 /* Release */,
			);
			defaultConfigurationIsVisible = 0;
			defaultConfigurationName = Release;
		};
		33D1846B2977E72800B9C9A8 /* Build configuration list for PBXNativeTarget "ToDoListUITests" */ = {
			isa = XCConfigurationList;
			buildConfigurations = (
				33D1846C2977E72800B9C9A8 /* Debug */,
				33D1846D2977E72800B9C9A8 /* Release */,
			);
			defaultConfigurationIsVisible = 0;
			defaultConfigurationName = Release;
		};
/* End XCConfigurationList section */

/* Begin XCRemoteSwiftPackageReference section */
		33B1E9C5297DD3110093F8DE /* XCRemoteSwiftPackageReference "SwiftUI-Introspect" */ = {
			isa = XCRemoteSwiftPackageReference;
			repositoryURL = "https://github.com/siteline/SwiftUI-Introspect.git";
			requirement = {
				kind = exactVersion;
				version = 0.1.4;
			};
		};
/* End XCRemoteSwiftPackageReference section */

/* Begin XCSwiftPackageProductDependency section */
		33B1E9C6297DD3110093F8DE /* Introspect */ = {
			isa = XCSwiftPackageProductDependency;
			package = 33B1E9C5297DD3110093F8DE /* XCRemoteSwiftPackageReference "SwiftUI-Introspect" */;
			productName = Introspect;
		};
/* End XCSwiftPackageProductDependency section */

/* Begin XCVersionGroup section */
		33D1844A2977E72800B9C9A8 /* ToDoList.xcdatamodeld */ = {
			isa = XCVersionGroup;
			children = (
				33D1844B2977E72800B9C9A8 /* ToDoList.xcdatamodel */,
			);
			currentVersion = 33D1844B2977E72800B9C9A8 /* ToDoList.xcdatamodel */;
			path = ToDoList.xcdatamodeld;
			sourceTree = "<group>";
			versionGroupType = wrapper.xcdatamodel;
		};
/* End XCVersionGroup section */
	};
	rootObject = 33D184342977E72600B9C9A8 /* Project object */;
}
